
Microsoft Visual Studio Solution File, Format Version 12.00
# Visual Studio Version 16
VisualStudioVersion = 16.0.28803.156
MinimumVisualStudioVersion = 10.0.40219.1
Project("{FAE04EC0-301F-11D3-BF4B-00C04F79EFBC}") = "ApiTemplate", "ApiTemplate\ApiTemplate.csproj", "{B2F5AC4C-43FD-4EB9-A568-D7D1074B14A7}"
EndProject
Global
	GlobalSection(SolutionConfigurationPlatforms) = preSolution
		Debug|Any CPU = Debug|Any CPU
		Release|Any CPU = Release|Any CPU
	EndGlobalSection
	GlobalSection(ProjectConfigurationPlatforms) = postSolution
		{B2F5AC4C-43FD-4EB9-A568-D7D1074B14A7}.Debug|Any CPU.ActiveCfg = Debug|Any CPU
		{B2F5AC4C-43FD-4EB9-A568-D7D1074B14A7}.Debug|Any CPU.Build.0 = Debug|Any CPU
		{B2F5AC4C-43FD-4EB9-A568-D7D1074B14A7}.Release|Any CPU.ActiveCfg = Release|Any CPU
		{B2F5AC4C-43FD-4EB9-A568-D7D1074B14A7}.Release|Any CPU.Build.0 = Release|Any CPU
	EndGlobalSection
	GlobalSection(SolutionProperties) = preSolution
		HideSolutionNode = FALSE
	EndGlobalSection
	GlobalSection(ExtensibilityGlobals) = postSolution
		SolutionGuid = {C07117BD-F9E7-4861-80DC-14055018EA9A}
	EndGlobalSection
EndGlobal
